
Microsoft Visual Studio Solution File, Format Version 12.00
# Visual Studio 14
VisualStudioVersion = 14.0.25420.1
MinimumVisualStudioVersion = 10.0.40219.1
Project("{E24C65DC-7377-472B-9ABA-BC803B73C61A}") = "HTML", "D:\HTML\", "{79481AA5-EA1D-480F-82B4-F1CE25957122}"
	ProjectSection(WebsiteProperties) = preProject
		TargetFrameworkMoniker = ".NETFramework,Version%3Dv4.0"
		Debug.AspNetCompiler.VirtualPath = "/localhost_50737"
		Debug.AspNetCompiler.PhysicalPath = "D:\HTML\"
		Debug.AspNetCompiler.TargetPath = "PrecompiledWeb\localhost_50737\"
		Debug.AspNetCompiler.Updateable = "true"
		Debug.AspNetCompiler.ForceOverwrite = "true"
		Debug.AspNetCompiler.FixedNames = "false"
		Debug.AspNetCompiler.Debug = "True"
		Release.AspNetCompiler.VirtualPath = "/localhost_50737"
		Release.AspNetCompiler.PhysicalPath = "D:\HTML\"
		Release.AspNetCompiler.TargetPath = "PrecompiledWeb\localhost_50737\"
		Release.AspNetCompiler.Updateable = "true"
		Release.AspNetCompiler.ForceOverwrite = "true"
		Release.AspNetCompiler.FixedNames = "false"
		Release.AspNetCompiler.Debug = "False"
		VWDPort = "50737"
		SlnRelativePath = "D:\HTML\"
	EndProjectSection
EndProject
Global
	GlobalSection(SolutionConfigurationPlatforms) = preSolution
		Debug|Any CPU = Debug|Any CPU
	EndGlobalSection
	GlobalSection(ProjectConfigurationPlatforms) = postSolution
		{79481AA5-EA1D-480F-82B4-F1CE25957122}.Debug|Any CPU.ActiveCfg = Debug|Any CPU
		{79481AA5-EA1D-480F-82B4-F1CE25957122}.Debug|Any CPU.Build.0 = Debug|Any CPU
	EndGlobalSection
	GlobalSection(SolutionProperties) = preSolution
		HideSolutionNode = FALSE
	EndGlobalSection
EndGlobal
